// !$*UTF8*$!
{
	archiveVersion = 1;
	classes = {
	};
	objectVersion = 77;
	objects = {

/* Begin PBXBuildFile section */
		204AEB9359A980FB42FBA26F /* PrivacyInfo.xcprivacy in Resources */ = {isa = PBXBuildFile; fileRef = 521EBA109BCD1A5AAF499D66 /* PrivacyInfo.xcprivacy */; };
		22863625C9197E10EBE234DC /* Pieces in Resources */ = {isa = PBXBuildFile; fileRef = 4FA7B72FD6329827F13EC5C8 /* Pieces */; };
		3B96FD0FBDC804025C33B629 /* Catalog.swift in Sources */ = {isa = PBXBuildFile; fileRef = 2CB79EE6B83CFAE05BB8A3BF /* Catalog.swift */; };
		40EA3815C8D383D7D6AD9312 /* LibraryView.swift in Sources */ = {isa = PBXBuildFile; fileRef = B9F2265C675F4BB6D192E5CB /* LibraryView.swift */; };
		62F4E7F658609CEB92198432 /* PieceScreen.swift in Sources */ = {isa = PBXBuildFile; fileRef = 2EC18452A9575536A2296F14 /* PieceScreen.swift */; };
		8D4E1F57F53E1DC29A528E83 /* Assets.xcassets in Resources */ = {isa = PBXBuildFile; fileRef = 2501AE2D880FE5BE55DD2FED /* Assets.xcassets */; };
		BF217D17F059B912B66A5C95 /* PhotonApp.swift in Sources */ = {isa = PBXBuildFile; fileRef = C3592CA4C9B82AC9CA6C7445 /* PhotonApp.swift */; };
/* End PBXBuildFile section */

/* Begin PBXFileReference section */
		2501AE2D880FE5BE55DD2FED /* Assets.xcassets */ = {isa = PBXFileReference; lastKnownFileType = folder.assetcatalog; path = Assets.xcassets; sourceTree = "<group>"; };
		2CB79EE6B83CFAE05BB8A3BF /* Catalog.swift */ = {isa = PBXFileReference; lastKnownFileType = sourcecode.swift; path = Catalog.swift; sourceTree = "<group>"; };
		2EC18452A9575536A2296F14 /* PieceScreen.swift */ = {isa = PBXFileReference; lastKnownFileType = sourcecode.swift; path = PieceScreen.swift; sourceTree = "<group>"; };
		4FA7B72FD6329827F13EC5C8 /* Pieces */ = {isa = PBXFileReference; lastKnownFileType = folder; name = Pieces; path = Photon/Pieces; sourceTree = SOURCE_ROOT; };
		521EBA109BCD1A5AAF499D66 /* PrivacyInfo.xcprivacy */ = {isa = PBXFileReference; path = PrivacyInfo.xcprivacy; sourceTree = "<group>"; };
		52AF09806643A32A9103B1C6 /* Photon.app */ = {isa = PBXFileReference; includeInIndex = 0; lastKnownFileType = wrapper.application; path = Photon.app; sourceTree = BUILT_PRODUCTS_DIR; };
		B9F2265C675F4BB6D192E5CB /* LibraryView.swift */ = {isa = PBXFileReference; lastKnownFileType = sourcecode.swift; path = LibraryView.swift; sourceTree = "<group>"; };
		C3592CA4C9B82AC9CA6C7445 /* PhotonApp.swift */ = {isa = PBXFileReference; lastKnownFileType = sourcecode.swift; path = PhotonApp.swift; sourceTree = "<group>"; };
/* End PBXFileReference section */

/* Begin PBXGroup section */
		0483130FFA4AC81078E0647E = {
			isa = PBXGroup;
			children = (
				2C8F88BF716A3F0E8B868E4E /* Photon */,
				C0630C598F8CD23D088D5147 /* Products */,
			);
			sourceTree = "<group>";
		};
		2C8F88BF716A3F0E8B868E4E /* Photon */ = {
			isa = PBXGroup;
			children = (
				2501AE2D880FE5BE55DD2FED /* Assets.xcassets */,
				2CB79EE6B83CFAE05BB8A3BF /* Catalog.swift */,
				B9F2265C675F4BB6D192E5CB /* LibraryView.swift */,
				C3592CA4C9B82AC9CA6C7445 /* PhotonApp.swift */,
				4FA7B72FD6329827F13EC5C8 /* Pieces */,
				2EC18452A9575536A2296F14 /* PieceScreen.swift */,
				521EBA109BCD1A5AAF499D66 /* PrivacyInfo.xcprivacy */,
			);
			path = Photon;
			sourceTree = "<group>";
		};
		C0630C598F8CD23D088D5147 /* Products */ = {
			isa = PBXGroup;
			children = (
				52AF09806643A32A9103B1C6 /* Photon.app */,
			);
			name = Products;
			sourceTree = "<group>";
		};
/* End PBXGroup section */

/* Begin PBXNativeTarget section */
		648BFD6B01E0F04717F93847 /* Photon */ = {
			isa = PBXNativeTarget;
			buildConfigurationList = 7FEAE8397B8D9EEAD8C5BB3E /* Build configuration list for PBXNativeTarget "Photon" */;
			buildPhases = (
				0E0456E257CA9C200B4AD06E /* Sources */,
				6BDEB556A473567C22B9DEB1 /* Resources */,
			);
			buildRules = (
			);
			dependencies = (
			);
			name = Photon;
			packageProductDependencies = (
			);
			productName = Photon;
			productReference = 52AF09806643A32A9103B1C6 /* Photon.app */;
			productType = "com.apple.product-type.application";
		};
/* End PBXNativeTarget section */

/* Begin PBXProject section */
		267C6D183DF7918A5B67607F /* Project object */ = {
			isa = PBXProject;
			attributes = {
				BuildIndependentTargetsInParallel = YES;
				LastUpgradeCheck = 1430;
				TargetAttributes = {
					648BFD6B01E0F04717F93847 = {
						DevelopmentTeam = 3AUT8DTWP3;
						ProvisioningStyle = Automatic;
					};
				};
			};
			buildConfigurationList = 699CAA77898AB97DC325AE82 /* Build configuration list for PBXProject "Photon" */;
			developmentRegion = en;
			hasScannedForEncodings = 0;
			knownRegions = (
				Base,
				en,
			);
			mainGroup = 0483130FFA4AC81078E0647E;
			minimizedProjectReferenceProxies = 1;
			preferredProjectObjectVersion = 77;
			productRefGroup = C0630C598F8CD23D088D5147 /* Products */;
			projectDirPath = "";
			projectRoot = "";
			targets = (
				648BFD6B01E0F04717F93847 /* Photon */,
			);
		};
/* End PBXProject section */

/* Begin PBXResourcesBuildPhase section */
		6BDEB556A473567C22B9DEB1 /* Resources */ = {
			isa = PBXResourcesBuildPhase;
			buildActionMask = 2147483647;
			files = (
				8D4E1F57F53E1DC29A528E83 /* Assets.xcassets in Resources */,
				22863625C9197E10EBE234DC /* Pieces in Resources */,
				204AEB9359A980FB42FBA26F /* PrivacyInfo.xcprivacy in Resources */,
			);
			runOnlyForDeploymentPostprocessing = 0;
		};
/* End PBXResourcesBuildPhase section */

/* Begin PBXSourcesBuildPhase section */
		0E0456E257CA9C200B4AD06E /* Sources */ = {
			isa = PBXSourcesBuildPhase;
			buildActionMask = 2147483647;
			files = (
				3B96FD0FBDC804025C33B629 /* Catalog.swift in Sources */,
				40EA3815C8D383D7D6AD9312 /* LibraryView.swift in Sources */,
				BF217D17F059B912B66A5C95 /* PhotonApp.swift in Sources */,
				62F4E7F658609CEB92198432 /* PieceScreen.swift in Sources */,
			);
			runOnlyForDeploymentPostprocessing = 0;
		};
/* End PBXSourcesBuildPhase section */

/* Begin XCBuildConfiguration section */
		08CDD491F55A1A273343CA88 /* Debug */ = {
			isa = XCBuildConfiguration;
			buildSettings = {
				ASSETCATALOG_COMPILER_APPICON_NAME = AppIcon;
				CODE_SIGN_IDENTITY = "iPhone Developer";
				CODE_SIGN_STYLE = Automatic;
				GENERATE_INFOPLIST_FILE = NO;
				INFOPLIST_FILE = Photon/Info.plist;
				LD_RUNPATH_SEARCH_PATHS = (
					"$(inherited)",
					"@executable_path/Frameworks",
				);
				PRODUCT_BUNDLE_IDENTIFIER = com.ciamac.photon;
				SDKROOT = iphoneos;
				TARGETED_DEVICE_FAMILY = "1,2";
			};
			name = Debug;
		};
		72097AA39BE33F3F10C19C73 /* Release */ = {
			isa = XCBuildConfiguration;
			buildSettings = {
				ASSETCATALOG_COMPILER_APPICON_NAME = AppIcon;
				CODE_SIGN_IDENTITY = "iPhone Developer";
				CODE_SIGN_STYLE = Automatic;
				GENERATE_INFOPLIST_FILE = NO;
				INFOPLIST_FILE = Photon/Info.plist;
				LD_RUNPATH_SEARCH_PATHS = (
					"$(inherited)",
					"@executable_path/Frameworks",
				);
				PRODUCT_BUNDLE_IDENTIFIER = com.ciamac.photon;
				SDKROOT = iphoneos;
				TARGETED_DEVICE_FAMILY = "1,2";
			};
			name = Release;
		};
		9116B178E0874FD47A8EE636 /* Debug */ = {
			isa = XCBuildConfiguration;
			buildSettings = {
				ALWAYS_SEARCH_USER_PATHS = NO;
				CLANG_ANALYZER_NONNULL = YES;
				CLANG_ANALYZER_NUMBER_OBJECT_CONVERSION = YES_AGGRESSIVE;
				CLANG_CXX_LANGUAGE_STANDARD = "gnu++14";
				CLANG_CXX_LIBRARY = "libc++";
				CLANG_ENABLE_MODULES = YES;
				CLANG_ENABLE_OBJC_ARC = YES;
				CLANG_ENABLE_OBJC_WEAK = YES;
				CLANG_WARN_BLOCK_CAPTURE_AUTORELEASING = YES;
				CLANG_WARN_BOOL_CONVERSION = YES;
				CLANG_WARN_COMMA = YES;
				CLANG_WARN_CONSTANT_CONVERSION = YES;
				CLANG_WARN_DEPRECATED_OBJC_IMPLEMENTATIONS = YES;
				CLANG_WARN_DIRECT_OBJC_ISA_USAGE = YES_ERROR;
				CLANG_WARN_DOCUMENTATION_COMMENTS = YES;
				CLANG_WARN_EMPTY_BODY = YES;
				CLANG_WARN_ENUM_CONVERSION = YES;
				CLANG_WARN_INFINITE_RECURSION = YES;
				CLANG_WARN_INT_CONVERSION = YES;
				CLANG_WARN_NON_LITERAL_NULL_CONVERSION = YES;
				CLANG_WARN_OBJC_IMPLICIT_RETAIN_SELF = YES;
				CLANG_WARN_OBJC_LITERAL_CONVERSION = YES;
				CLANG_WARN_OBJC_ROOT_CLASS = YES_ERROR;
				CLANG_WARN_QUOTED_INCLUDE_IN_FRAMEWORK_HEADER = YES;
				CLANG_WARN_RANGE_LOOP_ANALYSIS = YES;
				CLANG_WARN_STRICT_PROTOTYPES = YES;
				CLANG_WARN_SUSPICIOUS_MOVE = YES;
				CLANG_WARN_UNGUARDED_AVAILABILITY = YES_AGGRESSIVE;
				CLANG_WARN_UNREACHABLE_CODE = YES;
				CLANG_WARN__DUPLICATE_METHOD_MATCH = YES;
				COPY_PHASE_STRIP = NO;
				CURRENT_PROJECT_VERSION = 1;
				DEBUG_INFORMATION_FORMAT = dwarf;
				DEVELOPMENT_TEAM = 3AUT8DTWP3;
				ENABLE_STRICT_OBJC_MSGSEND = YES;
				ENABLE_TESTABILITY = YES;
				ENABLE_USER_SCRIPT_SANDBOXING = NO;
				GCC_C_LANGUAGE_STANDARD = gnu11;
				GCC_DYNAMIC_NO_PIC = NO;
				GCC_NO_COMMON_BLOCKS = YES;
				GCC_OPTIMIZATION_LEVEL = 0;
				GCC_PREPROCESSOR_DEFINITIONS = (
					"$(inherited)",
					"DEBUG=1",
				);
				GCC_WARN_64_TO_32_BIT_CONVERSION = YES;
				GCC_WARN_ABOUT_RETURN_TYPE = YES_ERROR;
				GCC_WARN_UNDECLARED_SELECTOR = YES;
				GCC_WARN_UNINITIALIZED_AUTOS = YES_AGGRESSIVE;
				GCC_WARN_UNUSED_FUNCTION = YES;
				GCC_WARN_UNUSED_VARIABLE = YES;
				IPHONEOS_DEPLOYMENT_TARGET = 18.0;
				MARKETING_VERSION = 0.1.0;
				MTL_ENABLE_DEBUG_INFO = INCLUDE_SOURCE;
				MTL_FAST_MATH = YES;
				ONLY_ACTIVE_ARCH = YES;
				PRODUCT_NAME = "$(TARGET_NAME)";
				SDKROOT = iphoneos;
				SWIFT_ACTIVE_COMPILATION_CONDITIONS = DEBUG;
				SWIFT_OPTIMIZATION_LEVEL = "-Onone";
				SWIFT_VERSION = 5.10;
			};
			name = Debug;
		};
		A5D8293FEBB390224EF4D8FB /* Release */ = {
			isa = XCBuildConfiguration;
			buildSettings = {
				ALWAYS_SEARCH_USER_PATHS = NO;
				CLANG_ANALYZER_NONNULL = YES;
				CLANG_ANALYZER_NUMBER_OBJECT_CONVERSION = YES_AGGRESSIVE;
				CLANG_CXX_LANGUAGE_STANDARD = "gnu++14";
				CLANG_CXX_LIBRARY = "libc++";
				CLANG_ENABLE_MODULES = YES;
				CLANG_ENABLE_OBJC_ARC = YES;
				CLANG_ENABLE_OBJC_WEAK = YES;
				CLANG_WARN_BLOCK_CAPTURE_AUTORELEASING = YES;
				CLANG_WARN_BOOL_CONVERSION = YES;
				CLANG_WARN_COMMA = YES;
				CLANG_WARN_CONSTANT_CONVERSION = YES;
				CLANG_WARN_DEPRECATED_OBJC_IMPLEMENTATIONS = YES;
				CLANG_WARN_DIRECT_OBJC_ISA_USAGE = YES_ERROR;
				CLANG_WARN_DOCUMENTATION_COMMENTS = YES;
				CLANG_WARN_EMPTY_BODY = YES;
				CLANG_WARN_ENUM_CONVERSION = YES;
				CLANG_WARN_INFINITE_RECURSION = YES;
				CLANG_WARN_INT_CONVERSION = YES;
				CLANG_WARN_NON_LITERAL_NULL_CONVERSION = YES;
				CLANG_WARN_OBJC_IMPLICIT_RETAIN_SELF = YES;
				CLANG_WARN_OBJC_LITERAL_CONVERSION = YES;
				CLANG_WARN_OBJC_ROOT_CLASS = YES_ERROR;
				CLANG_WARN_QUOTED_INCLUDE_IN_FRAMEWORK_HEADER = YES;
				CLANG_WARN_RANGE_LOOP_ANALYSIS = YES;
				CLANG_WARN_STRICT_PROTOTYPES = YES;
				CLANG_WARN_SUSPICIOUS_MOVE = YES;
				CLANG_WARN_UNGUARDED_AVAILABILITY = YES_AGGRESSIVE;
				CLANG_WARN_UNREACHABLE_CODE = YES;
				CLANG_WARN__DUPLICATE_METHOD_MATCH = YES;
				COPY_PHASE_STRIP = NO;
				CURRENT_PROJECT_VERSION = 1;
				DEBUG_INFORMATION_FORMAT = "dwarf-with-dsym";
				DEVELOPMENT_TEAM = 3AUT8DTWP3;
				ENABLE_NS_ASSERTIONS = NO;
				ENABLE_STRICT_OBJC_MSGSEND = YES;
				ENABLE_USER_SCRIPT_SANDBOXING = NO;
				GCC_C_LANGUAGE_STANDARD = gnu11;
				GCC_NO_COMMON_BLOCKS = YES;
				GCC_WARN_64_TO_32_BIT_CONVERSION = YES;
				GCC_WARN_ABOUT_RETURN_TYPE = YES_ERROR;
				GCC_WARN_UNDECLARED_SELECTOR = YES;
				GCC_WARN_UNINITIALIZED_AUTOS = YES_AGGRESSIVE;
				GCC_WARN_UNUSED_FUNCTION = YES;
				GCC_WARN_UNUSED_VARIABLE = YES;
				IPHONEOS_DEPLOYMENT_TARGET = 18.0;
				MARKETING_VERSION = 0.1.0;
				MTL_ENABLE_DEBUG_INFO = NO;
				MTL_FAST_MATH = YES;
				PRODUCT_NAME = "$(TARGET_NAME)";
				SDKROOT = iphoneos;
				SWIFT_COMPILATION_MODE = wholemodule;
				SWIFT_OPTIMIZATION_LEVEL = "-O";
				SWIFT_VERSION = 5.10;
			};
			name = Release;
		};
/* End XCBuildConfiguration section */

/* Begin XCConfigurationList section */
		699CAA77898AB97DC325AE82 /* Build configuration list for PBXProject "Photon" */ = {
			isa = XCConfigurationList;
			buildConfigurations = (
				9116B178E0874FD47A8EE636 /* Debug */,
				A5D8293FEBB390224EF4D8FB /* Release */,
			);
			defaultConfigurationIsVisible = 0;
			defaultConfigurationName = Debug;
		};
		7FEAE8397B8D9EEAD8C5BB3E /* Build configuration list for PBXNativeTarget "Photon" */ = {
			isa = XCConfigurationList;
			buildConfigurations = (
				08CDD491F55A1A273343CA88 /* Debug */,
				72097AA39BE33F3F10C19C73 /* Release */,
			);
			defaultConfigurationIsVisible = 0;
			defaultConfigurationName = Debug;
		};
/* End XCConfigurationList section */
	};
	rootObject = 267C6D183DF7918A5B67607F /* Project object */;
}
